
Microsoft Visual Studio Solution File, Format Version 12.00
# Visual Studio Version 16
VisualStudioVersion = 16.0.808.5
MinimumVisualStudioVersion = 10.0.40219.1
Project("{FAE04EC0-301F-11D3-BF4B-00C04F79EFBC}") = "Api", "Api\Api.csproj", "{EBDC23EE-AFE9-438E-B0F6-4F88BD5FAA6D}"
EndProject
Project("{FAE04EC0-301F-11D3-BF4B-00C04F79EFBC}") = "CLI", "CLI\CLI.csproj", "{DCD0D4B3-8431-4325-A038-5DA9A2055819}"
EndProject
Global
	GlobalSection(SolutionConfigurationPlatforms) = preSolution
		Debug|Any CPU = Debug|Any CPU
		Release|Any CPU = Release|Any CPU
	EndGlobalSection
	GlobalSection(ProjectConfigurationPlatforms) = postSolution
		{EBDC23EE-AFE9-438E-B0F6-4F88BD5FAA6D}.Debug|Any CPU.ActiveCfg = Debug|Any CPU
		{EBDC23EE-AFE9-438E-B0F6-4F88BD5FAA6D}.Debug|Any CPU.Build.0 = Debug|Any CPU
		{EBDC23EE-AFE9-438E-B0F6-4F88BD5FAA6D}.Release|Any CPU.ActiveCfg = Release|Any CPU
		{EBDC23EE-AFE9-438E-B0F6-4F88BD5FAA6D}.Release|Any CPU.Build.0 = Release|Any CPU
		{DCD0D4B3-8431-4325-A038-5DA9A2055819}.Debug|Any CPU.ActiveCfg = Debug|Any CPU
		{DCD0D4B3-8431-4325-A038-5DA9A2055819}.Debug|Any CPU.Build.0 = Debug|Any CPU
		{DCD0D4B3-8431-4325-A038-5DA9A2055819}.Release|Any CPU.ActiveCfg = Release|Any CPU
		{DCD0D4B3-8431-4325-A038-5DA9A2055819}.Release|Any CPU.Build.0 = Release|Any CPU
	EndGlobalSection
	GlobalSection(SolutionProperties) = preSolution
		HideSolutionNode = FALSE
	EndGlobalSection
	GlobalSection(ExtensibilityGlobals) = postSolution
		SolutionGuid = {CD4051F9-56D7-4252-8513-A4642F4056ED}
	EndGlobalSection
EndGlobal
